
Microsoft Visual Studio Solution File, Format Version 12.00
# Visual Studio Version 16
VisualStudioVersion = 16.0.30523.141
MinimumVisualStudioVersion = 10.0.40219.1
Project("{FAE04EC0-301F-11D3-BF4B-00C04F79EFBC}") = "BurgerApp", "BurgerApp.csproj", "{F1BF2461-E36B-46F7-9A9C-94FF163BC3C1}"
EndProject
Global
	GlobalSection(SolutionConfigurationPlatforms) = preSolution
		Debug|Any CPU = Debug|Any CPU
		Release|Any CPU = Release|Any CPU
	EndGlobalSection
	GlobalSection(ProjectConfigurationPlatforms) = postSolution
		{F1BF2461-E36B-46F7-9A9C-94FF163BC3C1}.Debug|Any CPU.ActiveCfg = Debug|Any CPU
		{F1BF2461-E36B-46F7-9A9C-94FF163BC3C1}.Debug|Any CPU.Build.0 = Debug|Any CPU
		{F1BF2461-E36B-46F7-9A9C-94FF163BC3C1}.Release|Any CPU.ActiveCfg = Release|Any CPU
		{F1BF2461-E36B-46F7-9A9C-94FF163BC3C1}.Release|Any CPU.Build.0 = Release|Any CPU
	EndGlobalSection
	GlobalSection(SolutionProperties) = preSolution
		HideSolutionNode = FALSE
	EndGlobalSection
	GlobalSection(ExtensibilityGlobals) = postSolution
		SolutionGuid = {EA18D750-0BD1-4A7A-AEB3-3B7372B5C002}
	EndGlobalSection
EndGlobal
